<?xml version="1.0" encoding="utf-8"?>
<Project ToolsVersion="4.0" xmlns="http://schemas.microsoft.com/developer/msbuild/2003">
  <ItemGroup>
    <Filter Include="common">
      <Extensions>cpp;c;cc;cxx;def;odl;idl;hpj;bat;asm;asmx;h;hpp;hxx;hm;inl;inc;xsd</Extensions>
    </Filter>
    <Filter Include="concurrency">
      <Extensions>cpp;c;cc;cxx;def;odl;idl;hpj;bat;asm;asmx;h;hpp;hxx;hm;inl;inc;xsd</Extensions>
    </Filter>
    <Filter Include="examples">
      <Extensions>cpp;c;cc;cxx;def;odl;idl;hpj;bat;asm;asmx;h;hpp;hxx;hm;inl;inc;xsd</Extensions>
    </Filter>
    <Filter Include="file">
      <Extensions>cpp;c;cc;cxx;def;odl;idl;hpj;bat;asm;asmx;h;hpp;hxx;hm;inl;inc;xsd</Extensions>
    </Filter>
    <Filter Include="sockets">
      <Extensions>cpp;c;cc;cxx;def;odl;idl;hpj;bat;asm;asmx;h;hpp;hxx;hm;inl;inc;xsd</Extensions>
    </Filter>
  </ItemGroup>
  <ItemGroup>
    <ClInclude Include="..\libyaxl\libyaxl\common\YaxlException.h">
      <Filter>common</Filter>
    </ClInclude>
    <ClInclude Include="..\libyaxl\libyaxl\concurrency\concurrency.h">
      <Filter>concurrency</Filter>
    </ClInclude>
    <ClInclude Include="..\libyaxl\libyaxl\concurrency\ConcurrencyException.h">
      <Filter>concurrency</Filter>
    </ClInclude>
    <ClInclude Include="..\libyaxl\libyaxl\concurrency\Runnable.h">
      <Filter>concurrency</Filter>
    </ClInclude>
    <ClCompile Include="..\libyaxl\libyaxl\concurrency\Thread.cpp">
      <Filter>concurrency</Filter>
    </ClCompile>
    <ClInclude Include="..\libyaxl\libyaxl\concurrency\Thread.h">
      <Filter>concurrency</Filter>
    </ClInclude>
    <ClCompile Include="..\libyaxl\libyaxl\examples\examples.cpp">
      <Filter>examples</Filter>
    </ClCompile>
    <ClInclude Include="..\libyaxl\libyaxl\examples\SomeRunnable.h">
      <Filter>examples</Filter>
    </ClInclude>
    <ClInclude Include="..\libyaxl\libyaxl\examples\SomeThread.h">
      <Filter>examples</Filter>
    </ClInclude>
    <ClCompile Include="..\libyaxl\libyaxl\file\AbstractFile.cpp">
      <Filter>file</Filter>
    </ClCompile>
    <ClInclude Include="..\libyaxl\libyaxl\file\AbstractFile.h">
      <Filter>file</Filter>
    </ClInclude>
    <ClInclude Include="..\libyaxl\libyaxl\file\File.h">
      <Filter>file</Filter>
    </ClInclude>
    <ClInclude Include="..\libyaxl\libyaxl\file\FileException.h">
      <Filter>file</Filter>
    </ClInclude>
    <ClCompile Include="..\libyaxl\libyaxl\file\md5.cpp">
      <Filter>file</Filter>
    </ClCompile>
    <ClInclude Include="..\libyaxl\libyaxl\file\md5.h">
      <Filter>file</Filter>
    </ClInclude>
    <ClCompile Include="..\libyaxl\libyaxl\file\PosixFileImpl.cpp">
      <Filter>file</Filter>
    </ClCompile>
    <ClInclude Include="..\libyaxl\libyaxl\file\PosixFileImpl.h">
      <Filter>file</Filter>
    </ClInclude>
    <ClCompile Include="..\libyaxl\libyaxl\file\WinFileImpl.cpp">
      <Filter>file</Filter>
    </ClCompile>
    <ClInclude Include="..\libyaxl\libyaxl\file\WinFileImpl.h">
      <Filter>file</Filter>
    </ClInclude>
    <ClCompile Include="..\libyaxl\libyaxl\sockets\InputStream.cpp">
      <Filter>sockets</Filter>
    </ClCompile>
    <ClInclude Include="..\libyaxl\libyaxl\sockets\InputStream.h">
      <Filter>sockets</Filter>
    </ClInclude>
    <ClCompile Include="..\libyaxl\libyaxl\sockets\OutputStream.cpp">
      <Filter>sockets</Filter>
    </ClCompile>
    <ClInclude Include="..\libyaxl\libyaxl\sockets\OutputStream.h">
      <Filter>sockets</Filter>
    </ClInclude>
    <ClCompile Include="..\libyaxl\libyaxl\sockets\ServerSocket.cpp">
      <Filter>sockets</Filter>
    </ClCompile>
    <ClInclude Include="..\libyaxl\libyaxl\sockets\ServerSocket.h">
      <Filter>sockets</Filter>
    </ClInclude>
    <ClCompile Include="..\libyaxl\libyaxl\sockets\Socket.cpp">
      <Filter>sockets</Filter>
    </ClCompile>
    <ClInclude Include="..\libyaxl\libyaxl\sockets\Socket.h">
      <Filter>sockets</Filter>
    </ClInclude>
    <ClInclude Include="..\libyaxl\libyaxl\sockets\SocketException.h">
      <Filter>sockets</Filter>
    </ClInclude>
    <ClInclude Include="..\libyaxl\libyaxl\sockets\Sockets.h">
      <Filter>sockets</Filter>
    </ClInclude>
    <ClInclude Include="..\libyaxl\libyaxl\CompileConfig.h" />
    <ClInclude Include="..\libyaxl\libyaxl\yaxl.h" />
  </ItemGroup>
</Project>
