<?xml version="1.0" encoding="utf-8"?>
<Project ToolsVersion="4.0" xmlns="http://schemas.microsoft.com/developer/msbuild/2003">
  <ItemGroup>
    <ClInclude Include="..\libyaxl\yaxl.h" />
    <ClInclude Include="..\libyaxl\file\AbstractFile.h">
      <Filter>file</Filter>
    </ClInclude>
    <ClInclude Include="..\libyaxl\file\File.h">
      <Filter>file</Filter>
    </ClInclude>
    <ClInclude Include="..\libyaxl\file\FileException.h">
      <Filter>file</Filter>
    </ClInclude>
    <ClInclude Include="..\libyaxl\file\md5.h">
      <Filter>file</Filter>
    </ClInclude>
    <ClInclude Include="..\libyaxl\file\PosixFileImpl.h">
      <Filter>file</Filter>
    </ClInclude>
    <ClInclude Include="..\libyaxl\file\WinFileImpl.h">
      <Filter>file</Filter>
    </ClInclude>
    <ClInclude Include="..\libyaxl\concurrency\concurrency.h">
      <Filter>concurrency</Filter>
    </ClInclude>
    <ClInclude Include="..\libyaxl\concurrency\ConcurrencyException.h">
      <Filter>concurrency</Filter>
    </ClInclude>
    <ClInclude Include="..\libyaxl\concurrency\Runnable.h">
      <Filter>concurrency</Filter>
    </ClInclude>
    <ClInclude Include="..\libyaxl\concurrency\Thread.h">
      <Filter>concurrency</Filter>
    </ClInclude>
    <ClInclude Include="..\libyaxl\examples\SomeRunnable.h">
      <Filter>examples</Filter>
    </ClInclude>
    <ClInclude Include="..\libyaxl\examples\SomeThread.h">
      <Filter>examples</Filter>
    </ClInclude>
    <ClInclude Include="..\libyaxl\common\YaxlException.h">
      <Filter>common</Filter>
    </ClInclude>
    <ClInclude Include="..\libyaxl\sockets\InputStream.h">
      <Filter>sockets</Filter>
    </ClInclude>
    <ClInclude Include="..\libyaxl\sockets\OutputStream.h">
      <Filter>sockets</Filter>
    </ClInclude>
    <ClInclude Include="..\libyaxl\sockets\ServerSocket.h">
      <Filter>sockets</Filter>
    </ClInclude>
    <ClInclude Include="..\libyaxl\sockets\Socket.h">
      <Filter>sockets</Filter>
    </ClInclude>
    <ClInclude Include="..\libyaxl\sockets\SocketException.h">
      <Filter>sockets</Filter>
    </ClInclude>
    <ClInclude Include="..\libyaxl\sockets\Sockets.h">
      <Filter>sockets</Filter>
    </ClInclude>
  </ItemGroup>
  <ItemGroup>
    <Filter Include="sockets">
      <UniqueIdentifier>{2ba67b70-028b-4694-85fa-8b22aa785f9c}</UniqueIdentifier>
    </Filter>
    <Filter Include="file">
      <UniqueIdentifier>{88494109-30b5-4f63-b43c-32b0de705c7e}</UniqueIdentifier>
    </Filter>
    <Filter Include="concurrency">
      <UniqueIdentifier>{b556bd14-e7c0-4eda-9858-613d71bc2d8a}</UniqueIdentifier>
    </Filter>
    <Filter Include="examples">
      <UniqueIdentifier>{da5a057f-6ca6-4772-afb3-a33256dac489}</UniqueIdentifier>
    </Filter>
    <Filter Include="common">
      <UniqueIdentifier>{3c451eab-55f4-45b6-9e4a-de9d8491790f}</UniqueIdentifier>
    </Filter>
  </ItemGroup>
  <ItemGroup>
    <ClCompile Include="..\libyaxl\file\AbstractFile.cpp">
      <Filter>file</Filter>
    </ClCompile>
    <ClCompile Include="..\libyaxl\file\md5.cpp">
      <Filter>file</Filter>
    </ClCompile>
    <ClCompile Include="..\libyaxl\file\PosixFileImpl.cpp">
      <Filter>file</Filter>
    </ClCompile>
    <ClCompile Include="..\libyaxl\file\WinFileImpl.cpp">
      <Filter>file</Filter>
    </ClCompile>
    <ClCompile Include="..\libyaxl\concurrency\Thread.cpp">
      <Filter>concurrency</Filter>
    </ClCompile>
    <ClCompile Include="..\libyaxl\examples\main.cpp">
      <Filter>examples</Filter>
    </ClCompile>
    <ClCompile Include="..\libyaxl\sockets\InputStream.cpp">
      <Filter>sockets</Filter>
    </ClCompile>
    <ClCompile Include="..\libyaxl\sockets\OutputStream.cpp">
      <Filter>sockets</Filter>
    </ClCompile>
    <ClCompile Include="..\libyaxl\sockets\ServerSocket.cpp">
      <Filter>sockets</Filter>
    </ClCompile>
    <ClCompile Include="..\libyaxl\sockets\Socket.cpp">
      <Filter>sockets</Filter>
    </ClCompile>
  </ItemGroup>
</Project>